// !$*UTF8*$!
{
	archiveVersion = 1;
	classes = {
	};
	objectVersion = 46;
	objects = {

/* Begin PBXFileReference section */
		9A731511196567BF0047E165 /* ADTSAudioBufferSource.hh */ = {isa = PBXFileReference; fileEncoding = 4; lastKnownFileType = sourcecode.cpp.h; name = ADTSAudioBufferSource.hh; path = ../../live555_trace/live555_trace/ADTSAudioBufferSource.hh; sourceTree = "<group>"; };
		B2EB91EB195881DE0058A962 /* .DS_Store */ = {isa = PBXFileReference; lastKnownFileType = text; path = .DS_Store; sourceTree = "<group>"; };
		B2EB91EC195881DE0058A962 /* COPYING */ = {isa = PBXFileReference; lastKnownFileType = text; path = COPYING; sourceTree = "<group>"; };
		B2EB91ED195881DE0058A962 /* Makefile */ = {isa = PBXFileReference; lastKnownFileType = sourcecode.make; path = Makefile; sourceTree = "<group>"; };
		B2EB91EE195881DE0058A962 /* Makefile.head */ = {isa = PBXFileReference; lastKnownFileType = text; path = Makefile.head; sourceTree = "<group>"; };
		B2EB91EF195881DE0058A962 /* Makefile.tail */ = {isa = PBXFileReference; lastKnownFileType = text; path = Makefile.tail; sourceTree = "<group>"; };
		B2EB91F0195881DE0058A962 /* MPEG2TransportStreamIndexer */ = {isa = PBXFileReference; lastKnownFileType = "compiled.mach-o.executable"; path = MPEG2TransportStreamIndexer; sourceTree = "<group>"; };
		B2EB91F1195881DE0058A962 /* MPEG2TransportStreamIndexer.cpp */ = {isa = PBXFileReference; lastKnownFileType = sourcecode.cpp.cpp; path = MPEG2TransportStreamIndexer.cpp; sourceTree = "<group>"; };
		B2EB91F2195881DE0058A962 /* MPEG2TransportStreamIndexer.o */ = {isa = PBXFileReference; lastKnownFileType = "compiled.mach-o.objfile"; path = MPEG2TransportStreamIndexer.o; sourceTree = "<group>"; };
		B2EB91F3195881DE0058A962 /* openRTSP */ = {isa = PBXFileReference; lastKnownFileType = "compiled.mach-o.executable"; path = openRTSP; sourceTree = "<group>"; };
		B2EB91F4195881DE0058A962 /* openRTSP.cpp */ = {isa = PBXFileReference; lastKnownFileType = sourcecode.cpp.cpp; path = openRTSP.cpp; sourceTree = "<group>"; };
		B2EB91F5195881DE0058A962 /* openRTSP.o */ = {isa = PBXFileReference; lastKnownFileType = "compiled.mach-o.objfile"; path = openRTSP.o; sourceTree = "<group>"; };
		B2EB91F6195881DE0058A962 /* playCommon.cpp */ = {isa = PBXFileReference; lastKnownFileType = sourcecode.cpp.cpp; path = playCommon.cpp; sourceTree = "<group>"; };
		B2EB91F7195881DE0058A962 /* playCommon.hh */ = {isa = PBXFileReference; lastKnownFileType = sourcecode.cpp.h; path = playCommon.hh; sourceTree = "<group>"; };
		B2EB91F8195881DE0058A962 /* playCommon.o */ = {isa = PBXFileReference; lastKnownFileType = "compiled.mach-o.objfile"; path = playCommon.o; sourceTree = "<group>"; };
		B2EB91F9195881DE0058A962 /* playSIP */ = {isa = PBXFileReference; lastKnownFileType = "compiled.mach-o.executable"; path = playSIP; sourceTree = "<group>"; };
		B2EB91FA195881DE0058A962 /* playSIP.cpp */ = {isa = PBXFileReference; lastKnownFileType = sourcecode.cpp.cpp; path = playSIP.cpp; sourceTree = "<group>"; };
		B2EB91FB195881DE0058A962 /* playSIP.o */ = {isa = PBXFileReference; lastKnownFileType = "compiled.mach-o.objfile"; path = playSIP.o; sourceTree = "<group>"; };
		B2EB91FC195881DE0058A962 /* registerRTSPStream */ = {isa = PBXFileReference; lastKnownFileType = "compiled.mach-o.executable"; path = registerRTSPStream; sourceTree = "<group>"; };
		B2EB91FD195881DE0058A962 /* registerRTSPStream.cpp */ = {isa = PBXFileReference; lastKnownFileType = sourcecode.cpp.cpp; path = registerRTSPStream.cpp; sourceTree = "<group>"; };
		B2EB91FE195881DE0058A962 /* registerRTSPStream.o */ = {isa = PBXFileReference; lastKnownFileType = "compiled.mach-o.objfile"; path = registerRTSPStream.o; sourceTree = "<group>"; };
		B2EB91FF195881DE0058A962 /* sapWatch */ = {isa = PBXFileReference; lastKnownFileType = "compiled.mach-o.executable"; path = sapWatch; sourceTree = "<group>"; };
		B2EB9200195881DE0058A962 /* sapWatch.cpp */ = {isa = PBXFileReference; lastKnownFileType = sourcecode.cpp.cpp; path = sapWatch.cpp; sourceTree = "<group>"; };
		B2EB9201195881DE0058A962 /* sapWatch.o */ = {isa = PBXFileReference; lastKnownFileType = "compiled.mach-o.objfile"; path = sapWatch.o; sourceTree = "<group>"; };
		B2EB9202195881DE0058A962 /* testAMRAudioStreamer */ = {isa = PBXFileReference; lastKnownFileType = "compiled.mach-o.executable"; path = testAMRAudioStreamer; sourceTree = "<group>"; };
		B2EB9203195881DE0058A962 /* testAMRAudioStreamer.cpp */ = {isa = PBXFileReference; lastKnownFileType = sourcecode.cpp.cpp; path = testAMRAudioStreamer.cpp; sourceTree = "<group>"; };
		B2EB9204195881DE0058A962 /* testAMRAudioStreamer.o */ = {isa = PBXFileReference; lastKnownFileType = "compiled.mach-o.objfile"; path = testAMRAudioStreamer.o; sourceTree = "<group>"; };
		B2EB9205195881DE0058A962 /* testDVVideoStreamer */ = {isa = PBXFileReference; lastKnownFileType = "compiled.mach-o.executable"; path = testDVVideoStreamer; sourceTree = "<group>"; };
		B2EB9206195881DE0058A962 /* testDVVideoStreamer.cpp */ = {isa = PBXFileReference; lastKnownFileType = sourcecode.cpp.cpp; path = testDVVideoStreamer.cpp; sourceTree = "<group>"; };
		B2EB9207195881DE0058A962 /* testDVVideoStreamer.o */ = {isa = PBXFileReference; lastKnownFileType = "compiled.mach-o.objfile"; path = testDVVideoStreamer.o; sourceTree = "<group>"; };
		B2EB9208195881DE0058A962 /* testGSMStreamer.cpp */ = {isa = PBXFileReference; lastKnownFileType = sourcecode.cpp.cpp; path = testGSMStreamer.cpp; sourceTree = "<group>"; };
		B2EB9209195881DE0058A962 /* testH264VideoStreamer */ = {isa = PBXFileReference; lastKnownFileType = "compiled.mach-o.executable"; path = testH264VideoStreamer; sourceTree = "<group>"; };
		B2EB920A195881DE0058A962 /* testH264VideoStreamer.cpp */ = {isa = PBXFileReference; lastKnownFileType = sourcecode.cpp.cpp; path = testH264VideoStreamer.cpp; sourceTree = "<group>"; };
		B2EB920B195881DE0058A962 /* testH264VideoStreamer.o */ = {isa = PBXFileReference; lastKnownFileType = "compiled.mach-o.objfile"; path = testH264VideoStreamer.o; sourceTree = "<group>"; };
		B2EB920C195881DE0058A962 /* testH264VideoToTransportStream */ = {isa = PBXFileReference; lastKnownFileType = "compiled.mach-o.executable"; path = testH264VideoToTransportStream; sourceTree = "<group>"; };
		B2EB920D195881DE0058A962 /* testH264VideoToTransportStream.cpp */ = {isa = PBXFileReference; lastKnownFileType = sourcecode.cpp.cpp; path = testH264VideoToTransportStream.cpp; sourceTree = "<group>"; };
		B2EB920E195881DE0058A962 /* testH264VideoToTransportStream.o */ = {isa = PBXFileReference; lastKnownFileType = "compiled.mach-o.objfile"; path = testH264VideoToTransportStream.o; sourceTree = "<group>"; };
		B2EB920F195881DE0058A962 /* testH265VideoStreamer */ = {isa = PBXFileReference; lastKnownFileType = "compiled.mach-o.executable"; path = testH265VideoStreamer; sourceTree = "<group>"; };
		B2EB9210195881DE0058A962 /* testH265VideoStreamer.cpp */ = {isa = PBXFileReference; lastKnownFileType = sourcecode.cpp.cpp; path = testH265VideoStreamer.cpp; sourceTree = "<group>"; };
		B2EB9211195881DE0058A962 /* testH265VideoStreamer.o */ = {isa = PBXFileReference; lastKnownFileType = "compiled.mach-o.objfile"; path = testH265VideoStreamer.o; sourceTree = "<group>"; };
		B2EB9212195881DE0058A962 /* testH265VideoToTransportStream */ = {isa = PBXFileReference; lastKnownFileType = "compiled.mach-o.executable"; path = testH265VideoToTransportStream; sourceTree = "<group>"; };
		B2EB9213195881DE0058A962 /* testH265VideoToTransportStream.cpp */ = {isa = PBXFileReference; lastKnownFileType = sourcecode.cpp.cpp; path = testH265VideoToTransportStream.cpp; sourceTree = "<group>"; };
		B2EB9214195881DE0058A962 /* testH265VideoToTransportStream.o */ = {isa = PBXFileReference; lastKnownFileType = "compiled.mach-o.objfile"; path = testH265VideoToTransportStream.o; sourceTree = "<group>"; };
		B2EB9215195881DE0058A962 /* testMKVStreamer */ = {isa = PBXFileReference; lastKnownFileType = "compiled.mach-o.executable"; path = testMKVStreamer; sourceTree = "<group>"; };
		B2EB9216195881DE0058A962 /* testMKVStreamer.cpp */ = {isa = PBXFileReference; lastKnownFileType = sourcecode.cpp.cpp; path = testMKVStreamer.cpp; sourceTree = "<group>"; };
		B2EB9217195881DE0058A962 /* testMKVStreamer.o */ = {isa = PBXFileReference; lastKnownFileType = "compiled.mach-o.objfile"; path = testMKVStreamer.o; sourceTree = "<group>"; };
		B2EB9218195881DE0058A962 /* testMP3-using-ADUs.sdp */ = {isa = PBXFileReference; lastKnownFileType = text; path = "testMP3-using-ADUs.sdp"; sourceTree = "<group>"; };
		B2EB9219195881DE0058A962 /* testMP3.sdp */ = {isa = PBXFileReference; lastKnownFileType = text; path = testMP3.sdp; sourceTree = "<group>"; };
		B2EB921A195881DE0058A962 /* testMP3Receiver */ = {isa = PBXFileReference; lastKnownFileType = "compiled.mach-o.executable"; path = testMP3Receiver; sourceTree = "<group>"; };
		B2EB921B195881DE0058A962 /* testMP3Receiver.cpp */ = {isa = PBXFileReference; lastKnownFileType = sourcecode.cpp.cpp; path = testMP3Receiver.cpp; sourceTree = "<group>"; };
		B2EB921C195881DE0058A962 /* testMP3Receiver.o */ = {isa = PBXFileReference; lastKnownFileType = "compiled.mach-o.objfile"; path = testMP3Receiver.o; sourceTree = "<group>"; };
		B2EB921D195881DE0058A962 /* testMP3Streamer */ = {isa = PBXFileReference; lastKnownFileType = "compiled.mach-o.executable"; path = testMP3Streamer; sourceTree = "<group>"; };
		B2EB921E195881DE0058A962 /* testMP3Streamer.cpp */ = {isa = PBXFileReference; lastKnownFileType = sourcecode.cpp.cpp; path = testMP3Streamer.cpp; sourceTree = "<group>"; };
		B2EB921F195881DE0058A962 /* testMP3Streamer.o */ = {isa = PBXFileReference; lastKnownFileType = "compiled.mach-o.objfile"; path = testMP3Streamer.o; sourceTree = "<group>"; };
		B2EB9220195881DE0058A962 /* testMPEG1or2AudioVideo.sdp */ = {isa = PBXFileReference; lastKnownFileType = text; path = testMPEG1or2AudioVideo.sdp; sourceTree = "<group>"; };
		B2EB9221195881DE0058A962 /* testMPEG1or2AudioVideoStreamer */ = {isa = PBXFileReference; lastKnownFileType = "compiled.mach-o.executable"; path = testMPEG1or2AudioVideoStreamer; sourceTree = "<group>"; };
		B2EB9222195881DE0058A962 /* testMPEG1or2AudioVideoStreamer.cpp */ = {isa = PBXFileReference; lastKnownFileType = sourcecode.cpp.cpp; path = testMPEG1or2AudioVideoStreamer.cpp; sourceTree = "<group>"; };
		B2EB9223195881DE0058A962 /* testMPEG1or2AudioVideoStreamer.o */ = {isa = PBXFileReference; lastKnownFileType = "compiled.mach-o.objfile"; path = testMPEG1or2AudioVideoStreamer.o; sourceTree = "<group>"; };
		B2EB9224195881DE0058A962 /* testMPEG1or2ProgramToTransportStream */ = {isa = PBXFileReference; lastKnownFileType = "compiled.mach-o.executable"; path = testMPEG1or2ProgramToTransportStream; sourceTree = "<group>"; };
		B2EB9225195881DE0058A962 /* testMPEG1or2ProgramToTransportStream.cpp */ = {isa = PBXFileReference; lastKnownFileType = sourcecode.cpp.cpp; path = testMPEG1or2ProgramToTransportStream.cpp; sourceTree = "<group>"; };
		B2EB9226195881DE0058A962 /* testMPEG1or2ProgramToTransportStream.o */ = {isa = PBXFileReference; lastKnownFileType = "compiled.mach-o.objfile"; path = testMPEG1or2ProgramToTransportStream.o; sourceTree = "<group>"; };
		B2EB9227195881DE0058A962 /* testMPEG1or2Splitter */ = {isa = PBXFileReference; lastKnownFileType = "compiled.mach-o.executable"; path = testMPEG1or2Splitter; sourceTree = "<group>"; };
		B2EB9228195881DE0058A962 /* testMPEG1or2Splitter.cpp */ = {isa = PBXFileReference; lastKnownFileType = sourcecode.cpp.cpp; path = testMPEG1or2Splitter.cpp; sourceTree = "<group>"; };
		B2EB9229195881DE0058A962 /* testMPEG1or2Splitter.o */ = {isa = PBXFileReference; lastKnownFileType = "compiled.mach-o.objfile"; path = testMPEG1or2Splitter.o; sourceTree = "<group>"; };
		B2EB922A195881DE0058A962 /* testMPEG1or2Video.sdp */ = {isa = PBXFileReference; lastKnownFileType = text; path = testMPEG1or2Video.sdp; sourceTree = "<group>"; };
		B2EB922B195881DE0058A962 /* testMPEG1or2VideoReceiver */ = {isa = PBXFileReference; lastKnownFileType = "compiled.mach-o.executable"; path = testMPEG1or2VideoReceiver; sourceTree = "<group>"; };
		B2EB922C195881DE0058A962 /* testMPEG1or2VideoReceiver.cpp */ = {isa = PBXFileReference; lastKnownFileType = sourcecode.cpp.cpp; path = testMPEG1or2VideoReceiver.cpp; sourceTree = "<group>"; };
		B2EB922D195881DE0058A962 /* testMPEG1or2VideoReceiver.o */ = {isa = PBXFileReference; lastKnownFileType = "compiled.mach-o.objfile"; path = testMPEG1or2VideoReceiver.o; sourceTree = "<group>"; };
		B2EB922E195881DE0058A962 /* testMPEG1or2VideoStreamer */ = {isa = PBXFileReference; lastKnownFileType = "compiled.mach-o.executable"; path = testMPEG1or2VideoStreamer; sourceTree = "<group>"; };
		B2EB922F195881DE0058A962 /* testMPEG1or2VideoStreamer.cpp */ = {isa = PBXFileReference; lastKnownFileType = sourcecode.cpp.cpp; path = testMPEG1or2VideoStreamer.cpp; sourceTree = "<group>"; };
		B2EB9230195881DE0058A962 /* testMPEG1or2VideoStreamer.o */ = {isa = PBXFileReference; lastKnownFileType = "compiled.mach-o.objfile"; path = testMPEG1or2VideoStreamer.o; sourceTree = "<group>"; };
		B2EB9231195881DE0058A962 /* testMPEG2Transport.sdp */ = {isa = PBXFileReference; lastKnownFileType = text; path = testMPEG2Transport.sdp; sourceTree = "<group>"; };
		B2EB9232195881DE0058A962 /* testMPEG2TransportReceiver */ = {isa = PBXFileReference; lastKnownFileType = "compiled.mach-o.executable"; path = testMPEG2TransportReceiver; sourceTree = "<group>"; };
		B2EB9233195881DE0058A962 /* testMPEG2TransportReceiver.cpp */ = {isa = PBXFileReference; lastKnownFileType = sourcecode.cpp.cpp; path = testMPEG2TransportReceiver.cpp; sourceTree = "<group>"; };
		B2EB9234195881DE0058A962 /* testMPEG2TransportReceiver.o */ = {isa = PBXFileReference; lastKnownFileType = "compiled.mach-o.objfile"; path = testMPEG2TransportReceiver.o; sourceTree = "<group>"; };
		B2EB9235195881DE0058A962 /* testMPEG2TransportStreamer */ = {isa = PBXFileReference; lastKnownFileType = "compiled.mach-o.executable"; path = testMPEG2TransportStreamer; sourceTree = "<group>"; };
		B2EB9236195881DE0058A962 /* testMPEG2TransportStreamer.cpp */ = {isa = PBXFileReference; lastKnownFileType = sourcecode.cpp.cpp; path = testMPEG2TransportStreamer.cpp; sourceTree = "<group>"; };
		B2EB9237195881DE0058A962 /* testMPEG2TransportStreamer.o */ = {isa = PBXFileReference; lastKnownFileType = "compiled.mach-o.objfile"; path = testMPEG2TransportStreamer.o; sourceTree = "<group>"; };
		B2EB9238195881DE0058A962 /* testMPEG2TransportStreamTrickPlay */ = {isa = PBXFileReference; lastKnownFileType = "compiled.mach-o.executable"; path = testMPEG2TransportStreamTrickPlay; sourceTree = "<group>"; };
		B2EB9239195881DE0058A962 /* testMPEG2TransportStreamTrickPlay.cpp */ = {isa = PBXFileReference; lastKnownFileType = sourcecode.cpp.cpp; path = testMPEG2TransportStreamTrickPlay.cpp; sourceTree = "<group>"; };
		B2EB923A195881DE0058A962 /* testMPEG2TransportStreamTrickPlay.o */ = {isa = PBXFileReference; lastKnownFileType = "compiled.mach-o.objfile"; path = testMPEG2TransportStreamTrickPlay.o; sourceTree = "<group>"; };
		B2EB923B195881DE0058A962 /* testMPEG4VideoStreamer */ = {isa = PBXFileReference; lastKnownFileType = "compiled.mach-o.executable"; path = testMPEG4VideoStreamer; sourceTree = "<group>"; };
		B2EB923C195881DE0058A962 /* testMPEG4VideoStreamer.cpp */ = {isa = PBXFileReference; lastKnownFileType = sourcecode.cpp.cpp; path = testMPEG4VideoStreamer.cpp; sourceTree = "<group>"; };
		B2EB923D195881DE0058A962 /* testMPEG4VideoStreamer.o */ = {isa = PBXFileReference; lastKnownFileType = "compiled.mach-o.objfile"; path = testMPEG4VideoStreamer.o; sourceTree = "<group>"; };
		B2EB923E195881DE0058A962 /* testOggStreamer */ = {isa = PBXFileReference; lastKnownFileType = "compiled.mach-o.executable"; path = testOggStreamer; sourceTree = "<group>"; };
		B2EB923F195881DE0058A962 /* testOggStreamer.cpp */ = {isa = PBXFileReference; lastKnownFileType = sourcecode.cpp.cpp; path = testOggStreamer.cpp; sourceTree = "<group>"; };
		B2EB9240195881DE0058A962 /* testOggStreamer.o */ = {isa = PBXFileReference; lastKnownFileType = "compiled.mach-o.objfile"; path = testOggStreamer.o; sourceTree = "<group>"; };
		B2EB9241195881DE0058A962 /* testOnDemandRTSPServer */ = {isa = PBXFileReference; lastKnownFileType = "compiled.mach-o.executable"; path = testOnDemandRTSPServer; sourceTree = "<group>"; };
		B2EB9242195881DE0058A962 /* testOnDemandRTSPServer.cpp */ = {isa = PBXFileReference; lastKnownFileType = sourcecode.cpp.cpp; path = testOnDemandRTSPServer.cpp; sourceTree = "<group>"; };
		B2EB9243195881DE0058A962 /* testOnDemandRTSPServer.o */ = {isa = PBXFileReference; lastKnownFileType = "compiled.mach-o.objfile"; path = testOnDemandRTSPServer.o; sourceTree = "<group>"; };
		B2EB9244195881DE0058A962 /* testRelay */ = {isa = PBXFileReference; lastKnownFileType = "compiled.mach-o.executable"; path = testRelay; sourceTree = "<group>"; };
		B2EB9245195881DE0058A962 /* testRelay.cpp */ = {isa = PBXFileReference; lastKnownFileType = sourcecode.cpp.cpp; path = testRelay.cpp; sourceTree = "<group>"; };
		B2EB9246195881DE0058A962 /* testRelay.o */ = {isa = PBXFileReference; lastKnownFileType = "compiled.mach-o.objfile"; path = testRelay.o; sourceTree = "<group>"; };
		B2EB9247195881DE0058A962 /* testReplicator */ = {isa = PBXFileReference; lastKnownFileType = "compiled.mach-o.executable"; path = testReplicator; sourceTree = "<group>"; };
		B2EB9248195881DE0058A962 /* testReplicator.cpp */ = {isa = PBXFileReference; lastKnownFileType = sourcecode.cpp.cpp; path = testReplicator.cpp; sourceTree = "<group>"; };
		B2EB9249195881DE0058A962 /* testReplicator.o */ = {isa = PBXFileReference; lastKnownFileType = "compiled.mach-o.objfile"; path = testReplicator.o; sourceTree = "<group>"; };
		B2EB924A195881DE0058A962 /* testRTSPClient */ = {isa = PBXFileReference; lastKnownFileType = "compiled.mach-o.executable"; path = testRTSPClient; sourceTree = "<group>"; };
		B2EB924B195881DE0058A962 /* testRTSPClient.cpp */ = {isa = PBXFileReference; lastKnownFileType = sourcecode.cpp.cpp; path = testRTSPClient.cpp; sourceTree = "<group>"; };
		B2EB924C195881DE0058A962 /* testRTSPClient.o */ = {isa = PBXFileReference; lastKnownFileType = "compiled.mach-o.objfile"; path = testRTSPClient.o; sourceTree = "<group>"; };
		B2EB924D195881DE0058A962 /* testWAVAudioStreamer */ = {isa = PBXFileReference; lastKnownFileType = "compiled.mach-o.executable"; path = testWAVAudioStreamer; sourceTree = "<group>"; };
		B2EB924E195881DE0058A962 /* testWAVAudioStreamer.cpp */ = {isa = PBXFileReference; lastKnownFileType = sourcecode.cpp.cpp; path = testWAVAudioStreamer.cpp; sourceTree = "<group>"; };
		B2EB924F195881DE0058A962 /* testWAVAudioStreamer.o */ = {isa = PBXFileReference; lastKnownFileType = "compiled.mach-o.objfile"; path = testWAVAudioStreamer.o; sourceTree = "<group>"; };
		B2EB9250195881DE0058A962 /* vobStreamer */ = {isa = PBXFileReference; lastKnownFileType = "compiled.mach-o.executable"; path = vobStreamer; sourceTree = "<group>"; };
		B2EB9251195881DE0058A962 /* vobStreamer.cpp */ = {isa = PBXFileReference; lastKnownFileType = sourcecode.cpp.cpp; path = vobStreamer.cpp; sourceTree = "<group>"; };
		B2EB9252195881DE0058A962 /* vobStreamer.o */ = {isa = PBXFileReference; lastKnownFileType = "compiled.mach-o.objfile"; path = vobStreamer.o; sourceTree = "<group>"; };
/* End PBXFileReference section */

/* Begin PBXGroup section */
		B2EB91E5195881DE0058A962 = {
			isa = PBXGroup;
			children = (
				9A731511196567BF0047E165 /* ADTSAudioBufferSource.hh */,
				B2EB91EB195881DE0058A962 /* .DS_Store */,
				B2EB91EC195881DE0058A962 /* COPYING */,
				B2EB91ED195881DE0058A962 /* Makefile */,
				B2EB91EE195881DE0058A962 /* Makefile.head */,
				B2EB91EF195881DE0058A962 /* Makefile.tail */,
				B2EB91F0195881DE0058A962 /* MPEG2TransportStreamIndexer */,
				B2EB91F1195881DE0058A962 /* MPEG2TransportStreamIndexer.cpp */,
				B2EB91F2195881DE0058A962 /* MPEG2TransportStreamIndexer.o */,
				B2EB91F3195881DE0058A962 /* openRTSP */,
				B2EB91F4195881DE0058A962 /* openRTSP.cpp */,
				B2EB91F5195881DE0058A962 /* openRTSP.o */,
				B2EB91F6195881DE0058A962 /* playCommon.cpp */,
				B2EB91F7195881DE0058A962 /* playCommon.hh */,
				B2EB91F8195881DE0058A962 /* playCommon.o */,
				B2EB91F9195881DE0058A962 /* playSIP */,
				B2EB91FA195881DE0058A962 /* playSIP.cpp */,
				B2EB91FB195881DE0058A962 /* playSIP.o */,
				B2EB91FC195881DE0058A962 /* registerRTSPStream */,
				B2EB91FD195881DE0058A962 /* registerRTSPStream.cpp */,
				B2EB91FE195881DE0058A962 /* registerRTSPStream.o */,
				B2EB91FF195881DE0058A962 /* sapWatch */,
				B2EB9200195881DE0058A962 /* sapWatch.cpp */,
				B2EB9201195881DE0058A962 /* sapWatch.o */,
				B2EB9202195881DE0058A962 /* testAMRAudioStreamer */,
				B2EB9203195881DE0058A962 /* testAMRAudioStreamer.cpp */,
				B2EB9204195881DE0058A962 /* testAMRAudioStreamer.o */,
				B2EB9205195881DE0058A962 /* testDVVideoStreamer */,
				B2EB9206195881DE0058A962 /* testDVVideoStreamer.cpp */,
				B2EB9207195881DE0058A962 /* testDVVideoStreamer.o */,
				B2EB9208195881DE0058A962 /* testGSMStreamer.cpp */,
				B2EB9209195881DE0058A962 /* testH264VideoStreamer */,
				B2EB920A195881DE0058A962 /* testH264VideoStreamer.cpp */,
				B2EB920B195881DE0058A962 /* testH264VideoStreamer.o */,
				B2EB920C195881DE0058A962 /* testH264VideoToTransportStream */,
				B2EB920D195881DE0058A962 /* testH264VideoToTransportStream.cpp */,
				B2EB920E195881DE0058A962 /* testH264VideoToTransportStream.o */,
				B2EB920F195881DE0058A962 /* testH265VideoStreamer */,
				B2EB9210195881DE0058A962 /* testH265VideoStreamer.cpp */,
				B2EB9211195881DE0058A962 /* testH265VideoStreamer.o */,
				B2EB9212195881DE0058A962 /* testH265VideoToTransportStream */,
				B2EB9213195881DE0058A962 /* testH265VideoToTransportStream.cpp */,
				B2EB9214195881DE0058A962 /* testH265VideoToTransportStream.o */,
				B2EB9215195881DE0058A962 /* testMKVStreamer */,
				B2EB9216195881DE0058A962 /* testMKVStreamer.cpp */,
				B2EB9217195881DE0058A962 /* testMKVStreamer.o */,
				B2EB9218195881DE0058A962 /* testMP3-using-ADUs.sdp */,
				B2EB9219195881DE0058A962 /* testMP3.sdp */,
				B2EB921A195881DE0058A962 /* testMP3Receiver */,
				B2EB921B195881DE0058A962 /* testMP3Receiver.cpp */,
				B2EB921C195881DE0058A962 /* testMP3Receiver.o */,
				B2EB921D195881DE0058A962 /* testMP3Streamer */,
				B2EB921E195881DE0058A962 /* testMP3Streamer.cpp */,
				B2EB921F195881DE0058A962 /* testMP3Streamer.o */,
				B2EB9220195881DE0058A962 /* testMPEG1or2AudioVideo.sdp */,
				B2EB9221195881DE0058A962 /* testMPEG1or2AudioVideoStreamer */,
				B2EB9222195881DE0058A962 /* testMPEG1or2AudioVideoStreamer.cpp */,
				B2EB9223195881DE0058A962 /* testMPEG1or2AudioVideoStreamer.o */,
				B2EB9224195881DE0058A962 /* testMPEG1or2ProgramToTransportStream */,
				B2EB9225195881DE0058A962 /* testMPEG1or2ProgramToTransportStream.cpp */,
				B2EB9226195881DE0058A962 /* testMPEG1or2ProgramToTransportStream.o */,
				B2EB9227195881DE0058A962 /* testMPEG1or2Splitter */,
				B2EB9228195881DE0058A962 /* testMPEG1or2Splitter.cpp */,
				B2EB9229195881DE0058A962 /* testMPEG1or2Splitter.o */,
				B2EB922A195881DE0058A962 /* testMPEG1or2Video.sdp */,
				B2EB922B195881DE0058A962 /* testMPEG1or2VideoReceiver */,
				B2EB922C195881DE0058A962 /* testMPEG1or2VideoReceiver.cpp */,
				B2EB922D195881DE0058A962 /* testMPEG1or2VideoReceiver.o */,
				B2EB922E195881DE0058A962 /* testMPEG1or2VideoStreamer */,
				B2EB922F195881DE0058A962 /* testMPEG1or2VideoStreamer.cpp */,
				B2EB9230195881DE0058A962 /* testMPEG1or2VideoStreamer.o */,
				B2EB9231195881DE0058A962 /* testMPEG2Transport.sdp */,
				B2EB9232195881DE0058A962 /* testMPEG2TransportReceiver */,
				B2EB9233195881DE0058A962 /* testMPEG2TransportReceiver.cpp */,
				B2EB9234195881DE0058A962 /* testMPEG2TransportReceiver.o */,
				B2EB9235195881DE0058A962 /* testMPEG2TransportStreamer */,
				B2EB9236195881DE0058A962 /* testMPEG2TransportStreamer.cpp */,
				B2EB9237195881DE0058A962 /* testMPEG2TransportStreamer.o */,
				B2EB9238195881DE0058A962 /* testMPEG2TransportStreamTrickPlay */,
				B2EB9239195881DE0058A962 /* testMPEG2TransportStreamTrickPlay.cpp */,
				B2EB923A195881DE0058A962 /* testMPEG2TransportStreamTrickPlay.o */,
				B2EB923B195881DE0058A962 /* testMPEG4VideoStreamer */,
				B2EB923C195881DE0058A962 /* testMPEG4VideoStreamer.cpp */,
				B2EB923D195881DE0058A962 /* testMPEG4VideoStreamer.o */,
				B2EB923E195881DE0058A962 /* testOggStreamer */,
				B2EB923F195881DE0058A962 /* testOggStreamer.cpp */,
				B2EB9240195881DE0058A962 /* testOggStreamer.o */,
				B2EB9241195881DE0058A962 /* testOnDemandRTSPServer */,
				B2EB9242195881DE0058A962 /* testOnDemandRTSPServer.cpp */,
				B2EB9243195881DE0058A962 /* testOnDemandRTSPServer.o */,
				B2EB9244195881DE0058A962 /* testRelay */,
				B2EB9245195881DE0058A962 /* testRelay.cpp */,
				B2EB9246195881DE0058A962 /* testRelay.o */,
				B2EB9247195881DE0058A962 /* testReplicator */,
				B2EB9248195881DE0058A962 /* testReplicator.cpp */,
				B2EB9249195881DE0058A962 /* testReplicator.o */,
				B2EB924A195881DE0058A962 /* testRTSPClient */,
				B2EB924B195881DE0058A962 /* testRTSPClient.cpp */,
				B2EB924C195881DE0058A962 /* testRTSPClient.o */,
				B2EB924D195881DE0058A962 /* testWAVAudioStreamer */,
				B2EB924E195881DE0058A962 /* testWAVAudioStreamer.cpp */,
				B2EB924F195881DE0058A962 /* testWAVAudioStreamer.o */,
				B2EB9250195881DE0058A962 /* vobStreamer */,
				B2EB9251195881DE0058A962 /* vobStreamer.cpp */,
				B2EB9252195881DE0058A962 /* vobStreamer.o */,
			);
			sourceTree = "<group>";
		};
/* End PBXGroup section */

/* Begin PBXLegacyTarget section */
		B2EB91EA195881DE0058A962 /* testProgs */ = {
			isa = PBXLegacyTarget;
			buildArgumentsString = "$(ACTION)";
			buildConfigurationList = B2EB9253195881DE0058A962 /* Build configuration list for PBXLegacyTarget "testProgs" */;
			buildPhases = (
			);
			buildToolPath = /usr/bin/make;
			buildWorkingDirectory = "";
			dependencies = (
			);
			name = testProgs;
			passBuildSettingsInEnvironment = 1;
			productName = testProgs;
		};
/* End PBXLegacyTarget section */

/* Begin PBXProject section */
		B2EB91E6195881DE0058A962 /* Project object */ = {
			isa = PBXProject;
			attributes = {
				LastUpgradeCheck = 0510;
			};
			buildConfigurationList = B2EB91E9195881DE0058A962 /* Build configuration list for PBXProject "testProgs" */;
			compatibilityVersion = "Xcode 3.2";
			developmentRegion = English;
			hasScannedForEncodings = 0;
			knownRegions = (
				en,
			);
			mainGroup = B2EB91E5195881DE0058A962;
			projectDirPath = "";
			projectRoot = "";
			targets = (
				B2EB91EA195881DE0058A962 /* testProgs */,
			);
		};
/* End PBXProject section */

/* Begin XCBuildConfiguration section */
		B2EB91E7195881DE0058A962 /* Debug */ = {
			isa = XCBuildConfiguration;
			buildSettings = {
				COPY_PHASE_STRIP = NO;
				GCC_WARN_ABOUT_RETURN_TYPE = YES;
				GCC_WARN_UNUSED_VARIABLE = YES;
				ONLY_ACTIVE_ARCH = YES;
				SDKROOT = macosx10.9;
			};
			name = Debug;
		};
		B2EB91E8195881DE0058A962 /* Release */ = {
			isa = XCBuildConfiguration;
			buildSettings = {
				COPY_PHASE_STRIP = YES;
				GCC_WARN_ABOUT_RETURN_TYPE = YES;
				GCC_WARN_UNUSED_VARIABLE = YES;
				SDKROOT = macosx10.9;
			};
			name = Release;
		};
		B2EB9254195881DE0058A962 /* Debug */ = {
			isa = XCBuildConfiguration;
			buildSettings = {
				COPY_PHASE_STRIP = NO;
				DEBUGGING_SYMBOLS = YES;
				GCC_DYNAMIC_NO_PIC = NO;
				GCC_GENERATE_DEBUGGING_SYMBOLS = YES;
				GCC_OPTIMIZATION_LEVEL = 0;
				OTHER_CFLAGS = "";
				OTHER_LDFLAGS = "";
				PRODUCT_NAME = testProgs;
				SDKROOT = macosx;
			};
			name = Debug;
		};
		B2EB9255195881DE0058A962 /* Release */ = {
			isa = XCBuildConfiguration;
			buildSettings = {
				COPY_PHASE_STRIP = YES;
				DEBUG_INFORMATION_FORMAT = "dwarf-with-dsym";
				OTHER_CFLAGS = "";
				OTHER_LDFLAGS = "";
				PRODUCT_NAME = testProgs;
				SDKROOT = macosx;
			};
			name = Release;
		};
/* End XCBuildConfiguration section */

/* Begin XCConfigurationList section */
		B2EB91E9195881DE0058A962 /* Build configuration list for PBXProject "testProgs" */ = {
			isa = XCConfigurationList;
			buildConfigurations = (
				B2EB91E7195881DE0058A962 /* Debug */,
				B2EB91E8195881DE0058A962 /* Release */,
			);
			defaultConfigurationIsVisible = 0;
			defaultConfigurationName = Release;
		};
		B2EB9253195881DE0058A962 /* Build configuration list for PBXLegacyTarget "testProgs" */ = {
			isa = XCConfigurationList;
			buildConfigurations = (
				B2EB9254195881DE0058A962 /* Debug */,
				B2EB9255195881DE0058A962 /* Release */,
			);
			defaultConfigurationIsVisible = 0;
			defaultConfigurationName = Release;
		};
/* End XCConfigurationList section */
	};
	rootObject = B2EB91E6195881DE0058A962 /* Project object */;
}
