// !$*UTF8*$!
{
	archiveVersion = 1;
	classes = {
	};
	objectVersion = 46;
	objects = {

/* Begin PBXFileReference section */
		B2EB8E9219586E700058A962 /* COPYING */ = {isa = PBXFileReference; lastKnownFileType = text; path = COPYING; sourceTree = "<group>"; };
		B2EB8E9319586E700058A962 /* live555ProxyServer.cpp */ = {isa = PBXFileReference; lastKnownFileType = sourcecode.cpp.cpp; path = live555ProxyServer.cpp; sourceTree = "<group>"; };
		B2EB8E9419586E700058A962 /* Makefile */ = {isa = PBXFileReference; lastKnownFileType = sourcecode.make; path = Makefile; sourceTree = "<group>"; };
		B2EB8E9519586E700058A962 /* Makefile.head */ = {isa = PBXFileReference; lastKnownFileType = text; path = Makefile.head; sourceTree = "<group>"; };
		B2EB8E9619586E700058A962 /* Makefile.tail */ = {isa = PBXFileReference; lastKnownFileType = text; path = Makefile.tail; sourceTree = "<group>"; };
/* End PBXFileReference section */

/* Begin PBXGroup section */
		B2EB8E8C19586E700058A962 = {
			isa = PBXGroup;
			children = (
				B2EB8E9219586E700058A962 /* COPYING */,
				B2EB8E9319586E700058A962 /* live555ProxyServer.cpp */,
				B2EB8E9419586E700058A962 /* Makefile */,
				B2EB8E9519586E700058A962 /* Makefile.head */,
				B2EB8E9619586E700058A962 /* Makefile.tail */,
			);
			sourceTree = "<group>";
		};
/* End PBXGroup section */

/* Begin PBXLegacyTarget section */
		B2EB8E9119586E700058A962 /* proxyServer */ = {
			isa = PBXLegacyTarget;
			buildArgumentsString = "$(ACTION)";
			buildConfigurationList = B2EB8E9719586E700058A962 /* Build configuration list for PBXLegacyTarget "proxyServer" */;
			buildPhases = (
			);
			buildToolPath = /usr/bin/make;
			buildWorkingDirectory = "";
			dependencies = (
			);
			name = proxyServer;
			passBuildSettingsInEnvironment = 1;
			productName = proxyServer;
		};
/* End PBXLegacyTarget section */

/* Begin PBXProject section */
		B2EB8E8D19586E700058A962 /* Project object */ = {
			isa = PBXProject;
			attributes = {
			};
			buildConfigurationList = B2EB8E9019586E700058A962 /* Build configuration list for PBXProject "proxyServer" */;
			compatibilityVersion = "Xcode 3.2";
			developmentRegion = English;
			hasScannedForEncodings = 0;
			knownRegions = (
				en,
			);
			mainGroup = B2EB8E8C19586E700058A962;
			projectDirPath = "";
			projectRoot = "";
			targets = (
				B2EB8E9119586E700058A962 /* proxyServer */,
			);
		};
/* End PBXProject section */

/* Begin XCBuildConfiguration section */
		B2EB8E8E19586E700058A962 /* Debug */ = {
			isa = XCBuildConfiguration;
			buildSettings = {
				ARCHS = "$(ARCHS_STANDARD_32_BIT)";
				COPY_PHASE_STRIP = NO;
				GCC_WARN_ABOUT_RETURN_TYPE = YES;
				GCC_WARN_UNUSED_VARIABLE = YES;
				ONLY_ACTIVE_ARCH = YES;
				SDKROOT = macosx10.6;
			};
			name = Debug;
		};
		B2EB8E8F19586E700058A962 /* Release */ = {
			isa = XCBuildConfiguration;
			buildSettings = {
				ARCHS = "$(ARCHS_STANDARD_32_BIT)";
				COPY_PHASE_STRIP = YES;
				GCC_WARN_ABOUT_RETURN_TYPE = YES;
				GCC_WARN_UNUSED_VARIABLE = YES;
				SDKROOT = macosx10.6;
			};
			name = Release;
		};
		B2EB8E9819586E700058A962 /* Debug */ = {
			isa = XCBuildConfiguration;
			buildSettings = {
				COPY_PHASE_STRIP = NO;
				DEBUGGING_SYMBOLS = YES;
				GCC_DYNAMIC_NO_PIC = NO;
				GCC_ENABLE_FIX_AND_CONTINUE = YES;
				GCC_GENERATE_DEBUGGING_SYMBOLS = YES;
				GCC_OPTIMIZATION_LEVEL = 0;
				OTHER_CFLAGS = "";
				OTHER_LDFLAGS = "";
				PRODUCT_NAME = proxyServer;
				SDKROOT = macosx10.9;
			};
			name = Debug;
		};
		B2EB8E9919586E700058A962 /* Release */ = {
			isa = XCBuildConfiguration;
			buildSettings = {
				COPY_PHASE_STRIP = YES;
				DEBUG_INFORMATION_FORMAT = "dwarf-with-dsym";
				GCC_ENABLE_FIX_AND_CONTINUE = NO;
				OTHER_CFLAGS = "";
				OTHER_LDFLAGS = "";
				PRODUCT_NAME = proxyServer;
				SDKROOT = macosx10.9;
			};
			name = Release;
		};
/* End XCBuildConfiguration section */

/* Begin XCConfigurationList section */
		B2EB8E9019586E700058A962 /* Build configuration list for PBXProject "proxyServer" */ = {
			isa = XCConfigurationList;
			buildConfigurations = (
				B2EB8E8E19586E700058A962 /* Debug */,
				B2EB8E8F19586E700058A962 /* Release */,
			);
			defaultConfigurationIsVisible = 0;
			defaultConfigurationName = Release;
		};
		B2EB8E9719586E700058A962 /* Build configuration list for PBXLegacyTarget "proxyServer" */ = {
			isa = XCConfigurationList;
			buildConfigurations = (
				B2EB8E9819586E700058A962 /* Debug */,
				B2EB8E9919586E700058A962 /* Release */,
			);
			defaultConfigurationIsVisible = 0;
			defaultConfigurationName = Release;
		};
/* End XCConfigurationList section */
	};
	rootObject = B2EB8E8D19586E700058A962 /* Project object */;
}
